{
  "version": "4",
  "specifiers": {
    "jsr:@deno-library/compress@~0.5.5": "0.5.5",
    "jsr:@deno-library/crc32@1.0.2": "1.0.2",
    "jsr:@dldc/chemin@12": "12.0.1",
    "jsr:@dldc/compose@^6.0.2": "6.0.2",
    "jsr:@dldc/erreur@^7.1.1": "7.1.1",
    "jsr:@dldc/stack@7": "7.0.0",
    "jsr:@dldc/zenjson@^3.0.1": "3.0.1",
    "jsr:@openjs/port-free@1": "1.0.0",
    "jsr:@std/assert@^1.0.11": "1.0.11",
    "jsr:@std/bytes@^1.0.2": "1.0.4",
    "jsr:@std/cli@^1.0.12": "1.0.12",
    "jsr:@std/encoding@^1.0.7": "1.0.7",
    "jsr:@std/expect@^1.0.13": "1.0.13",
    "jsr:@std/fmt@^1.0.5": "1.0.5",
    "jsr:@std/fs@1.0.5": "1.0.5",
    "jsr:@std/html@^1.0.3": "1.0.3",
    "jsr:@std/http@^1.0.13": "1.0.13",
    "jsr:@std/internal@^1.0.5": "1.0.5",
    "jsr:@std/io@0.225.0": "0.225.0",
    "jsr:@std/media-types@^1.1.0": "1.1.0",
    "jsr:@std/net@^1.0.4": "1.0.4",
    "jsr:@std/path@1.0.8": "1.0.8",
    "jsr:@std/path@^1.0.7": "1.0.8",
    "jsr:@std/path@^1.0.8": "1.0.8",
    "jsr:@std/streams@^1.0.7": "1.0.9",
    "jsr:@std/streams@^1.0.9": "1.0.9",
    "jsr:@std/tar@0.1.3": "0.1.3",
    "jsr:@zip-js/zip-js@2.7.53": "2.7.53",
    "npm:@types/node@*": "22.5.4"
  },
  "jsr": {
    "@deno-library/compress@0.5.5": {
      "integrity": "18b651a33eac87d96ae8c941487045724a665d654e9d94120da43777393655d9",
      "dependencies": [
        "jsr:@deno-library/crc32",
        "jsr:@std/fs",
        "jsr:@std/io",
        "jsr:@std/path@1.0.8",
        "jsr:@std/tar",
        "jsr:@zip-js/zip-js"
      ]
    },
    "@deno-library/crc32@1.0.2": {
      "integrity": "d2061bfee30c87c97f285dfca0fdc4458e632dc072a33ecfc73ca5177a5a39a0"
    },
    "@dldc/chemin@12.0.1": {
      "integrity": "f1f97bab51732c825d89f7788e07e2b9875c41f95393809309def9b157034115"
    },
    "@dldc/compose@6.0.2": {
      "integrity": "c6bad297fbbe0dece7fa350667390d470f5b686dc74a834ad9b7191b7c021ab3",
      "dependencies": [
        "jsr:@dldc/erreur"
      ]
    },
    "@dldc/erreur@7.1.1": {
      "integrity": "9ba954ae0654e4ed003959c77aaa009fdf6c64f60bf4cfec33b134556ab0d6da"
    },
    "@dldc/stack@7.0.0": {
      "integrity": "cf418349e3846ce162837e4d5332f70b8c3a5f2072bb4129c3c2299caf2f27ee",
      "dependencies": [
        "jsr:@dldc/erreur"
      ]
    },
    "@dldc/zenjson@3.0.1": {
      "integrity": "044e0ce0fbab0f0f69e8c71822136b8bd0a63ed422ebde4d1ac3c13e46e50af5",
      "dependencies": [
        "jsr:@dldc/erreur"
      ]
    },
    "@openjs/port-free@1.0.0": {
      "integrity": "0b70adc419a37d6c15d049a369cbc2020795bf50118409dde077efcae9e8e2e4"
    },
    "@std/assert@1.0.11": {
      "integrity": "2461ef3c368fe88bc60e186e7744a93112f16fd110022e113a0849e94d1c83c1",
      "dependencies": [
        "jsr:@std/internal"
      ]
    },
    "@std/bytes@1.0.4": {
      "integrity": "11a0debe522707c95c7b7ef89b478c13fb1583a7cfb9a85674cd2cc2e3a28abc"
    },
    "@std/cli@1.0.12": {
      "integrity": "e5cfb7814d189da174ecd7a34fbbd63f3513e24a1b307feb2fcd5da47a070d90"
    },
    "@std/encoding@1.0.7": {
      "integrity": "f631247c1698fef289f2de9e2a33d571e46133b38d042905e3eac3715030a82d"
    },
    "@std/expect@1.0.13": {
      "integrity": "d8e236c7089cd9fcf5e6032f27dadc3db6349d0aee48c15bc71d717bca5baa42",
      "dependencies": [
        "jsr:@std/assert",
        "jsr:@std/internal"
      ]
    },
    "@std/fmt@1.0.5": {
      "integrity": "0cfab43364bc36650d83c425cd6d99910fc20c4576631149f0f987eddede1a4d"
    },
    "@std/fs@1.0.5": {
      "integrity": "41806ad6823d0b5f275f9849a2640d87e4ef67c51ee1b8fb02426f55e02fd44e",
      "dependencies": [
        "jsr:@std/path@^1.0.7"
      ]
    },
    "@std/html@1.0.3": {
      "integrity": "7a0ac35e050431fb49d44e61c8b8aac1ebd55937e0dc9ec6409aa4bab39a7988"
    },
    "@std/http@1.0.13": {
      "integrity": "d29618b982f7ae44380111f7e5b43da59b15db64101198bb5f77100d44eb1e1e",
      "dependencies": [
        "jsr:@std/cli",
        "jsr:@std/encoding",
        "jsr:@std/fmt",
        "jsr:@std/html",
        "jsr:@std/media-types",
        "jsr:@std/net",
        "jsr:@std/path@^1.0.8",
        "jsr:@std/streams@^1.0.9"
      ]
    },
    "@std/internal@1.0.5": {
      "integrity": "54a546004f769c1ac9e025abd15a76b6671ddc9687e2313b67376125650dc7ba"
    },
    "@std/io@0.225.0": {
      "integrity": "c1db7c5e5a231629b32d64b9a53139445b2ca640d828c26bf23e1c55f8c079b3",
      "dependencies": [
        "jsr:@std/bytes"
      ]
    },
    "@std/media-types@1.1.0": {
      "integrity": "c9d093f0c05c3512932b330e3cc1fe1d627b301db33a4c2c2185c02471d6eaa4"
    },
    "@std/net@1.0.4": {
      "integrity": "2f403b455ebbccf83d8a027d29c5a9e3a2452fea39bb2da7f2c04af09c8bc852"
    },
    "@std/path@1.0.8": {
      "integrity": "548fa456bb6a04d3c1a1e7477986b6cffbce95102d0bb447c67c4ee70e0364be"
    },
    "@std/streams@1.0.9": {
      "integrity": "a9d26b1988cdd7aa7b1f4b51e1c36c1557f3f252880fa6cc5b9f37078b1a5035"
    },
    "@std/tar@0.1.3": {
      "integrity": "531270fc707b37ab9b5f051aa4943e7b16b86905e0398a4ebe062983b0c93115",
      "dependencies": [
        "jsr:@std/streams@^1.0.7"
      ]
    },
    "@zip-js/zip-js@2.7.53": {
      "integrity": "acea5bd8e01feb3fe4c242cfbde7d33dd5e006549a4eb1d15283bc0c778ed672"
    }
  },
  "npm": {
    "@types/node@22.5.4": {
      "integrity": "sha512-FDuKUJQm/ju9fT/SeX/6+gBzoPzlVCzfzmGkwKvRHQVxi4BntVbyIwf6a4Xn62mrvndLiml6z/UBXIdEVjQLXg==",
      "dependencies": [
        "undici-types"
      ]
    },
    "undici-types@6.19.8": {
      "integrity": "sha512-ve2KP6f/JnbPBFyobGHuerC9g1FYGn/F8n1LWTwNxCEzd6IfqTwUQcNXgEtmmQ6DlRrC1hrSrBnCZPokRrDHjw=="
    }
  },
  "workspace": {
    "dependencies": [
      "jsr:@deno-library/compress@~0.5.5",
      "jsr:@dldc/chemin@12",
      "jsr:@dldc/compose@^6.0.2",
      "jsr:@dldc/erreur@^7.1.1",
      "jsr:@dldc/stack@7",
      "jsr:@dldc/zenjson@^3.0.1",
      "jsr:@openjs/port-free@1",
      "jsr:@std/assert@^1.0.11",
      "jsr:@std/expect@^1.0.13",
      "jsr:@std/http@^1.0.13"
    ]
  }
}
